
Microsoft Visual Studio Solution File, Format Version 12.00
# Visual Studio 14
VisualStudioVersion = 14.0.25123.0
MinimumVisualStudioVersion = 10.0.40219.1
Project("{FAE04EC0-301F-11D3-BF4B-00C04F79EFBC}") = "FriendsZone.Droid", "FriendsZone\FriendsZone.Droid\FriendsZone.Droid.csproj", "{A9D1032A-A7D3-4332-B3E2-26022F955911}"
EndProject
Project("{FAE04EC0-301F-11D3-BF4B-00C04F79EFBC}") = "FriendsZone.WinPhone", "FriendsZone\FriendsZone.WinPhone\FriendsZone.WinPhone.csproj", "{2CC30969-0127-497E-8020-48F9C44AE5FA}"
EndProject
Project("{FAE04EC0-301F-11D3-BF4B-00C04F79EFBC}") = "FriendsZone", "FriendsZone\FriendsZone\FriendsZone.csproj", "{16826313-4977-47F2-B71A-829BE8E13F55}"
EndProject
Global
	GlobalSection(SolutionConfigurationPlatforms) = preSolution
		AppStore|Any CPU = AppStore|Any CPU
		AppStore|ARM = AppStore|ARM
		AppStore|iPhone = AppStore|iPhone
		AppStore|iPhoneSimulator = AppStore|iPhoneSimulator
		AppStore|x86 = AppStore|x86
		Debug|Any CPU = Debug|Any CPU
		Debug|ARM = Debug|ARM
		Debug|iPhone = Debug|iPhone
		Debug|iPhoneSimulator = Debug|iPhoneSimulator
		Debug|x86 = Debug|x86
		Release|Any CPU = Release|Any CPU
		Release|ARM = Release|ARM
		Release|iPhone = Release|iPhone
		Release|iPhoneSimulator = Release|iPhoneSimulator
		Release|x86 = Release|x86
	EndGlobalSection
	GlobalSection(ProjectConfigurationPlatforms) = postSolution
		{A9D1032A-A7D3-4332-B3E2-26022F955911}.AppStore|Any CPU.ActiveCfg = Release|Any CPU
		{A9D1032A-A7D3-4332-B3E2-26022F955911}.AppStore|Any CPU.Build.0 = Release|Any CPU
		{A9D1032A-A7D3-4332-B3E2-26022F955911}.AppStore|Any CPU.Deploy.0 = Release|Any CPU
		{A9D1032A-A7D3-4332-B3E2-26022F955911}.AppStore|ARM.ActiveCfg = Release|Any CPU
		{A9D1032A-A7D3-4332-B3E2-26022F955911}.AppStore|ARM.Build.0 = Release|Any CPU
		{A9D1032A-A7D3-4332-B3E2-26022F955911}.AppStore|ARM.Deploy.0 = Release|Any CPU
		{A9D1032A-A7D3-4332-B3E2-26022F955911}.AppStore|iPhone.ActiveCfg = Release|Any CPU
		{A9D1032A-A7D3-4332-B3E2-26022F955911}.AppStore|iPhone.Build.0 = Release|Any CPU
		{A9D1032A-A7D3-4332-B3E2-26022F955911}.AppStore|iPhone.Deploy.0 = Release|Any CPU
		{A9D1032A-A7D3-4332-B3E2-26022F955911}.AppStore|iPhoneSimulator.ActiveCfg = Release|Any CPU
		{A9D1032A-A7D3-4332-B3E2-26022F955911}.AppStore|iPhoneSimulator.Build.0 = Release|Any CPU
		{A9D1032A-A7D3-4332-B3E2-26022F955911}.AppStore|iPhoneSimulator.Deploy.0 = Release|Any CPU
		{A9D1032A-A7D3-4332-B3E2-26022F955911}.AppStore|x86.ActiveCfg = Release|Any CPU
		{A9D1032A-A7D3-4332-B3E2-26022F955911}.AppStore|x86.Build.0 = Release|Any CPU
		{A9D1032A-A7D3-4332-B3E2-26022F955911}.AppStore|x86.Deploy.0 = Release|Any CPU
		{A9D1032A-A7D3-4332-B3E2-26022F955911}.Debug|Any CPU.ActiveCfg = Debug|Any CPU
		{A9D1032A-A7D3-4332-B3E2-26022F955911}.Debug|Any CPU.Build.0 = Debug|Any CPU
		{A9D1032A-A7D3-4332-B3E2-26022F955911}.Debug|Any CPU.Deploy.0 = Debug|Any CPU
		{A9D1032A-A7D3-4332-B3E2-26022F955911}.Debug|ARM.ActiveCfg = Debug|Any CPU
		{A9D1032A-A7D3-4332-B3E2-26022F955911}.Debug|ARM.Build.0 = Debug|Any CPU
		{A9D1032A-A7D3-4332-B3E2-26022F955911}.Debug|ARM.Deploy.0 = Debug|Any CPU
		{A9D1032A-A7D3-4332-B3E2-26022F955911}.Debug|iPhone.ActiveCfg = Debug|Any CPU
		{A9D1032A-A7D3-4332-B3E2-26022F955911}.Debug|iPhone.Build.0 = Debug|Any CPU
		{A9D1032A-A7D3-4332-B3E2-26022F955911}.Debug|iPhone.Deploy.0 = Debug|Any CPU
		{A9D1032A-A7D3-4332-B3E2-26022F955911}.Debug|iPhoneSimulator.ActiveCfg = Debug|Any CPU
		{A9D1032A-A7D3-4332-B3E2-26022F955911}.Debug|iPhoneSimulator.Build.0 = Debug|Any CPU
		{A9D1032A-A7D3-4332-B3E2-26022F955911}.Debug|iPhoneSimulator.Deploy.0 = Debug|Any CPU
		{A9D1032A-A7D3-4332-B3E2-26022F955911}.Debug|x86.ActiveCfg = Debug|Any CPU
		{A9D1032A-A7D3-4332-B3E2-26022F955911}.Debug|x86.Build.0 = Debug|Any CPU
		{A9D1032A-A7D3-4332-B3E2-26022F955911}.Debug|x86.Deploy.0 = Debug|Any CPU
		{A9D1032A-A7D3-4332-B3E2-26022F955911}.Release|Any CPU.ActiveCfg = Release|Any CPU
		{A9D1032A-A7D3-4332-B3E2-26022F955911}.Release|Any CPU.Build.0 = Release|Any CPU
		{A9D1032A-A7D3-4332-B3E2-26022F955911}.Release|Any CPU.Deploy.0 = Release|Any CPU
		{A9D1032A-A7D3-4332-B3E2-26022F955911}.Release|ARM.ActiveCfg = Release|Any CPU
		{A9D1032A-A7D3-4332-B3E2-26022F955911}.Release|ARM.Build.0 = Release|Any CPU
		{A9D1032A-A7D3-4332-B3E2-26022F955911}.Release|ARM.Deploy.0 = Release|Any CPU
		{A9D1032A-A7D3-4332-B3E2-26022F955911}.Release|iPhone.ActiveCfg = Release|Any CPU
		{A9D1032A-A7D3-4332-B3E2-26022F955911}.Release|iPhone.Build.0 = Release|Any CPU
		{A9D1032A-A7D3-4332-B3E2-26022F955911}.Release|iPhone.Deploy.0 = Release|Any CPU
		{A9D1032A-A7D3-4332-B3E2-26022F955911}.Release|iPhoneSimulator.ActiveCfg = Release|Any CPU
		{A9D1032A-A7D3-4332-B3E2-26022F955911}.Release|iPhoneSimulator.Build.0 = Release|Any CPU
		{A9D1032A-A7D3-4332-B3E2-26022F955911}.Release|iPhoneSimulator.Deploy.0 = Release|Any CPU
		{A9D1032A-A7D3-4332-B3E2-26022F955911}.Release|x86.ActiveCfg = Release|Any CPU
		{A9D1032A-A7D3-4332-B3E2-26022F955911}.Release|x86.Build.0 = Release|Any CPU
		{A9D1032A-A7D3-4332-B3E2-26022F955911}.Release|x86.Deploy.0 = Release|Any CPU
		{2CC30969-0127-497E-8020-48F9C44AE5FA}.AppStore|Any CPU.ActiveCfg = Release|Any CPU
		{2CC30969-0127-497E-8020-48F9C44AE5FA}.AppStore|Any CPU.Build.0 = Release|Any CPU
		{2CC30969-0127-497E-8020-48F9C44AE5FA}.AppStore|Any CPU.Deploy.0 = Release|Any CPU
		{2CC30969-0127-497E-8020-48F9C44AE5FA}.AppStore|ARM.ActiveCfg = Release|ARM
		{2CC30969-0127-497E-8020-48F9C44AE5FA}.AppStore|ARM.Build.0 = Release|ARM
		{2CC30969-0127-497E-8020-48F9C44AE5FA}.AppStore|ARM.Deploy.0 = Release|ARM
		{2CC30969-0127-497E-8020-48F9C44AE5FA}.AppStore|iPhone.ActiveCfg = Release|Any CPU
		{2CC30969-0127-497E-8020-48F9C44AE5FA}.AppStore|iPhone.Build.0 = Release|Any CPU
		{2CC30969-0127-497E-8020-48F9C44AE5FA}.AppStore|iPhone.Deploy.0 = Release|Any CPU
		{2CC30969-0127-497E-8020-48F9C44AE5FA}.AppStore|iPhoneSimulator.ActiveCfg = Release|Any CPU
		{2CC30969-0127-497E-8020-48F9C44AE5FA}.AppStore|iPhoneSimulator.Build.0 = Release|Any CPU
		{2CC30969-0127-497E-8020-48F9C44AE5FA}.AppStore|iPhoneSimulator.Deploy.0 = Release|Any CPU
		{2CC30969-0127-497E-8020-48F9C44AE5FA}.AppStore|x86.ActiveCfg = Release|x86
		{2CC30969-0127-497E-8020-48F9C44AE5FA}.AppStore|x86.Build.0 = Release|x86
		{2CC30969-0127-497E-8020-48F9C44AE5FA}.AppStore|x86.Deploy.0 = Release|x86
		{2CC30969-0127-497E-8020-48F9C44AE5FA}.Debug|Any CPU.ActiveCfg = Debug|Any CPU
		{2CC30969-0127-497E-8020-48F9C44AE5FA}.Debug|Any CPU.Build.0 = Debug|Any CPU
		{2CC30969-0127-497E-8020-48F9C44AE5FA}.Debug|Any CPU.Deploy.0 = Debug|Any CPU
		{2CC30969-0127-497E-8020-48F9C44AE5FA}.Debug|ARM.ActiveCfg = Debug|ARM
		{2CC30969-0127-497E-8020-48F9C44AE5FA}.Debug|ARM.Build.0 = Debug|ARM
		{2CC30969-0127-497E-8020-48F9C44AE5FA}.Debug|ARM.Deploy.0 = Debug|ARM
		{2CC30969-0127-497E-8020-48F9C44AE5FA}.Debug|iPhone.ActiveCfg = Debug|Any CPU
		{2CC30969-0127-497E-8020-48F9C44AE5FA}.Debug|iPhone.Build.0 = Debug|Any CPU
		{2CC30969-0127-497E-8020-48F9C44AE5FA}.Debug|iPhone.Deploy.0 = Debug|Any CPU
		{2CC30969-0127-497E-8020-48F9C44AE5FA}.Debug|iPhoneSimulator.ActiveCfg = Debug|Any CPU
		{2CC30969-0127-497E-8020-48F9C44AE5FA}.Debug|iPhoneSimulator.Build.0 = Debug|Any CPU
		{2CC30969-0127-497E-8020-48F9C44AE5FA}.Debug|iPhoneSimulator.Deploy.0 = Debug|Any CPU
		{2CC30969-0127-497E-8020-48F9C44AE5FA}.Debug|x86.ActiveCfg = Debug|x86
		{2CC30969-0127-497E-8020-48F9C44AE5FA}.Debug|x86.Build.0 = Debug|x86
		{2CC30969-0127-497E-8020-48F9C44AE5FA}.Debug|x86.Deploy.0 = Debug|x86
		{2CC30969-0127-497E-8020-48F9C44AE5FA}.Release|Any CPU.ActiveCfg = Release|Any CPU
		{2CC30969-0127-497E-8020-48F9C44AE5FA}.Release|Any CPU.Build.0 = Release|Any CPU
		{2CC30969-0127-497E-8020-48F9C44AE5FA}.Release|Any CPU.Deploy.0 = Release|Any CPU
		{2CC30969-0127-497E-8020-48F9C44AE5FA}.Release|ARM.ActiveCfg = Release|ARM
		{2CC30969-0127-497E-8020-48F9C44AE5FA}.Release|ARM.Build.0 = Release|ARM
		{2CC30969-0127-497E-8020-48F9C44AE5FA}.Release|ARM.Deploy.0 = Release|ARM
		{2CC30969-0127-497E-8020-48F9C44AE5FA}.Release|iPhone.ActiveCfg = Release|Any CPU
		{2CC30969-0127-497E-8020-48F9C44AE5FA}.Release|iPhone.Build.0 = Release|Any CPU
		{2CC30969-0127-497E-8020-48F9C44AE5FA}.Release|iPhone.Deploy.0 = Release|Any CPU
		{2CC30969-0127-497E-8020-48F9C44AE5FA}.Release|iPhoneSimulator.ActiveCfg = Release|Any CPU
		{2CC30969-0127-497E-8020-48F9C44AE5FA}.Release|iPhoneSimulator.Build.0 = Release|Any CPU
		{2CC30969-0127-497E-8020-48F9C44AE5FA}.Release|iPhoneSimulator.Deploy.0 = Release|Any CPU
		{2CC30969-0127-497E-8020-48F9C44AE5FA}.Release|x86.ActiveCfg = Release|x86
		{2CC30969-0127-497E-8020-48F9C44AE5FA}.Release|x86.Build.0 = Release|x86
		{2CC30969-0127-497E-8020-48F9C44AE5FA}.Release|x86.Deploy.0 = Release|x86
		{16826313-4977-47F2-B71A-829BE8E13F55}.AppStore|Any CPU.ActiveCfg = Release|Any CPU
		{16826313-4977-47F2-B71A-829BE8E13F55}.AppStore|Any CPU.Build.0 = Release|Any CPU
		{16826313-4977-47F2-B71A-829BE8E13F55}.AppStore|ARM.ActiveCfg = Release|Any CPU
		{16826313-4977-47F2-B71A-829BE8E13F55}.AppStore|ARM.Build.0 = Release|Any CPU
		{16826313-4977-47F2-B71A-829BE8E13F55}.AppStore|iPhone.ActiveCfg = Release|Any CPU
		{16826313-4977-47F2-B71A-829BE8E13F55}.AppStore|iPhone.Build.0 = Release|Any CPU
		{16826313-4977-47F2-B71A-829BE8E13F55}.AppStore|iPhoneSimulator.ActiveCfg = Release|Any CPU
		{16826313-4977-47F2-B71A-829BE8E13F55}.AppStore|iPhoneSimulator.Build.0 = Release|Any CPU
		{16826313-4977-47F2-B71A-829BE8E13F55}.AppStore|x86.ActiveCfg = Release|Any CPU
		{16826313-4977-47F2-B71A-829BE8E13F55}.AppStore|x86.Build.0 = Release|Any CPU
		{16826313-4977-47F2-B71A-829BE8E13F55}.Debug|Any CPU.ActiveCfg = Debug|Any CPU
		{16826313-4977-47F2-B71A-829BE8E13F55}.Debug|Any CPU.Build.0 = Debug|Any CPU
		{16826313-4977-47F2-B71A-829BE8E13F55}.Debug|ARM.ActiveCfg = Debug|Any CPU
		{16826313-4977-47F2-B71A-829BE8E13F55}.Debug|ARM.Build.0 = Debug|Any CPU
		{16826313-4977-47F2-B71A-829BE8E13F55}.Debug|iPhone.ActiveCfg = Debug|Any CPU
		{16826313-4977-47F2-B71A-829BE8E13F55}.Debug|iPhone.Build.0 = Debug|Any CPU
		{16826313-4977-47F2-B71A-829BE8E13F55}.Debug|iPhoneSimulator.ActiveCfg = Debug|Any CPU
		{16826313-4977-47F2-B71A-829BE8E13F55}.Debug|iPhoneSimulator.Build.0 = Debug|Any CPU
		{16826313-4977-47F2-B71A-829BE8E13F55}.Debug|x86.ActiveCfg = Debug|Any CPU
		{16826313-4977-47F2-B71A-829BE8E13F55}.Debug|x86.Build.0 = Debug|Any CPU
		{16826313-4977-47F2-B71A-829BE8E13F55}.Release|Any CPU.ActiveCfg = Release|Any CPU
		{16826313-4977-47F2-B71A-829BE8E13F55}.Release|Any CPU.Build.0 = Release|Any CPU
		{16826313-4977-47F2-B71A-829BE8E13F55}.Release|ARM.ActiveCfg = Release|Any CPU
		{16826313-4977-47F2-B71A-829BE8E13F55}.Release|ARM.Build.0 = Release|Any CPU
		{16826313-4977-47F2-B71A-829BE8E13F55}.Release|iPhone.ActiveCfg = Release|Any CPU
		{16826313-4977-47F2-B71A-829BE8E13F55}.Release|iPhone.Build.0 = Release|Any CPU
		{16826313-4977-47F2-B71A-829BE8E13F55}.Release|iPhoneSimulator.ActiveCfg = Release|Any CPU
		{16826313-4977-47F2-B71A-829BE8E13F55}.Release|iPhoneSimulator.Build.0 = Release|Any CPU
		{16826313-4977-47F2-B71A-829BE8E13F55}.Release|x86.ActiveCfg = Release|Any CPU
		{16826313-4977-47F2-B71A-829BE8E13F55}.Release|x86.Build.0 = Release|Any CPU
	EndGlobalSection
	GlobalSection(SolutionProperties) = preSolution
		HideSolutionNode = FALSE
	EndGlobalSection
EndGlobal
